// !$*UTF8*$!
{
	archiveVersion = 1;
	classes = {
	};
	objectVersion = 48;
	objects = {

/* Begin PBXBuildFile section */
		12C7BECC3868EC03096423B7 /* Pods_Social_AppTests.framework in Frameworks */ = {isa = PBXBuildFile; fileRef = 8B30294CE9F92561B2338319 /* Pods_Social_AppTests.framework */; };
		A1AE78293886A8CD5BF28441 /* Pods_Social_App.framework in Frameworks */ = {isa = PBXBuildFile; fileRef = 767BA238EE6F79D1915D7CA9 /* Pods_Social_App.framework */; };
		A975B1742D7F571B32A5C705 /* Pods_Social_AppUITests.framework in Frameworks */ = {isa = PBXBuildFile; fileRef = 5D02D4C031FD9E4866D5B8DE /* Pods_Social_AppUITests.framework */; };
		BD42CA5D20FE4D4A003DCB54 /* FeedViewController.swift in Sources */ = {isa = PBXBuildFile; fileRef = BD42CA5C20FE4D4A003DCB54 /* FeedViewController.swift */; };
		BD8B4F2B20F65D3500811889 /* AppDelegate.swift in Sources */ = {isa = PBXBuildFile; fileRef = BD8B4F2A20F65D3500811889 /* AppDelegate.swift */; };
		BD8B4F2D20F65D3500811889 /* SignInVC.swift in Sources */ = {isa = PBXBuildFile; fileRef = BD8B4F2C20F65D3500811889 /* SignInVC.swift */; };
		BD8B4F3020F65D3500811889 /* Main.storyboard in Resources */ = {isa = PBXBuildFile; fileRef = BD8B4F2E20F65D3500811889 /* Main.storyboard */; };
		BD8B4F3220F65D3500811889 /* Assets.xcassets in Resources */ = {isa = PBXBuildFile; fileRef = BD8B4F3120F65D3500811889 /* Assets.xcassets */; };
		BD8B4F3520F65D3500811889 /* LaunchScreen.storyboard in Resources */ = {isa = PBXBuildFile; fileRef = BD8B4F3320F65D3500811889 /* LaunchScreen.storyboard */; };
		BD8B4F4020F65D3500811889 /* Social_AppTests.swift in Sources */ = {isa = PBXBuildFile; fileRef = BD8B4F3F20F65D3500811889 /* Social_AppTests.swift */; };
		BD8B4F4B20F65D3600811889 /* Social_AppUITests.swift in Sources */ = {isa = PBXBuildFile; fileRef = BD8B4F4A20F65D3600811889 /* Social_AppUITests.swift */; };
		BD8B4F5A20F661F000811889 /* GoogleService-Info.plist in Resources */ = {isa = PBXBuildFile; fileRef = BD8B4F5920F661F000811889 /* GoogleService-Info.plist */; };
		BD9A818F20F79D1C00A30489 /* FancyView.swift in Sources */ = {isa = PBXBuildFile; fileRef = BD9A818E20F79D1C00A30489 /* FancyView.swift */; };
		BD9A819120F79D9100A30489 /* Constants.swift in Sources */ = {isa = PBXBuildFile; fileRef = BD9A819020F79D9100A30489 /* Constants.swift */; };
		BD9A819320F79F2300A30489 /* RoundBtn.swift in Sources */ = {isa = PBXBuildFile; fileRef = BD9A819220F79F2300A30489 /* RoundBtn.swift */; };
		BD9A819920F7A19F00A30489 /* FancyFeild.swift in Sources */ = {isa = PBXBuildFile; fileRef = BD9A819820F7A19F00A30489 /* FancyFeild.swift */; };
		BD9A819B20F7A38400A30489 /* FancyBtn.swift in Sources */ = {isa = PBXBuildFile; fileRef = BD9A819A20F7A38400A30489 /* FancyBtn.swift */; };
/* End PBXBuildFile section */

/* Begin PBXContainerItemProxy section */
		BD8B4F3C20F65D3500811889 /* PBXContainerItemProxy */ = {
			isa = PBXContainerItemProxy;
			containerPortal = BD8B4F1F20F65D3500811889 /* Project object */;
			proxyType = 1;
			remoteGlobalIDString = BD8B4F2620F65D3500811889;
			remoteInfo = "Social-App";
		};
		BD8B4F4720F65D3600811889 /* PBXContainerItemProxy */ = {
			isa = PBXContainerItemProxy;
			containerPortal = BD8B4F1F20F65D3500811889 /* Project object */;
			proxyType = 1;
			remoteGlobalIDString = BD8B4F2620F65D3500811889;
			remoteInfo = "Social-App";
		};
/* End PBXContainerItemProxy section */

/* Begin PBXFileReference section */
		3E938374BE66D89953DD387A /* Pods-Social-AppUITests.debug.xcconfig */ = {isa = PBXFileReference; includeInIndex = 1; lastKnownFileType = text.xcconfig; name = "Pods-Social-AppUITests.debug.xcconfig"; path = "Pods/Target Support Files/Pods-Social-AppUITests/Pods-Social-AppUITests.debug.xcconfig"; sourceTree = "<group>"; };
		5D02D4C031FD9E4866D5B8DE /* Pods_Social_AppUITests.framework */ = {isa = PBXFileReference; explicitFileType = wrapper.framework; includeInIndex = 0; path = Pods_Social_AppUITests.framework; sourceTree = BUILT_PRODUCTS_DIR; };
		71163BB81175D22AABCD307D /* Pods-Social-App.release.xcconfig */ = {isa = PBXFileReference; includeInIndex = 1; lastKnownFileType = text.xcconfig; name = "Pods-Social-App.release.xcconfig"; path = "Pods/Target Support Files/Pods-Social-App/Pods-Social-App.release.xcconfig"; sourceTree = "<group>"; };
		767BA238EE6F79D1915D7CA9 /* Pods_Social_App.framework */ = {isa = PBXFileReference; explicitFileType = wrapper.framework; includeInIndex = 0; path = Pods_Social_App.framework; sourceTree = BUILT_PRODUCTS_DIR; };
		8B30294CE9F92561B2338319 /* Pods_Social_AppTests.framework */ = {isa = PBXFileReference; explicitFileType = wrapper.framework; includeInIndex = 0; path = Pods_Social_AppTests.framework; sourceTree = BUILT_PRODUCTS_DIR; };
		9087A946D7AD5309701C63D0 /* Pods-Social-App.debug.xcconfig */ = {isa = PBXFileReference; includeInIndex = 1; lastKnownFileType = text.xcconfig; name = "Pods-Social-App.debug.xcconfig"; path = "Pods/Target Support Files/Pods-Social-App/Pods-Social-App.debug.xcconfig"; sourceTree = "<group>"; };
		9248648225F42992D7733ABA /* Pods-Social-AppTests.debug.xcconfig */ = {isa = PBXFileReference; includeInIndex = 1; lastKnownFileType = text.xcconfig; name = "Pods-Social-AppTests.debug.xcconfig"; path = "Pods/Target Support Files/Pods-Social-AppTests/Pods-Social-AppTests.debug.xcconfig"; sourceTree = "<group>"; };
		BD42CA5C20FE4D4A003DCB54 /* FeedViewController.swift */ = {isa = PBXFileReference; lastKnownFileType = sourcecode.swift; path = FeedViewController.swift; sourceTree = "<group>"; };
		BD8B4F2720F65D3500811889 /* Social-App.app */ = {isa = PBXFileReference; explicitFileType = wrapper.application; includeInIndex = 0; path = "Social-App.app"; sourceTree = BUILT_PRODUCTS_DIR; };
		BD8B4F2A20F65D3500811889 /* AppDelegate.swift */ = {isa = PBXFileReference; lastKnownFileType = sourcecode.swift; path = AppDelegate.swift; sourceTree = "<group>"; };
		BD8B4F2C20F65D3500811889 /* SignInVC.swift */ = {isa = PBXFileReference; lastKnownFileType = sourcecode.swift; path = SignInVC.swift; sourceTree = "<group>"; };
		BD8B4F2F20F65D3500811889 /* Base */ = {isa = PBXFileReference; lastKnownFileType = file.storyboard; name = Base; path = Base.lproj/Main.storyboard; sourceTree = "<group>"; };
		BD8B4F3120F65D3500811889 /* Assets.xcassets */ = {isa = PBXFileReference; lastKnownFileType = folder.assetcatalog; path = Assets.xcassets; sourceTree = "<group>"; };
		BD8B4F3420F65D3500811889 /* Base */ = {isa = PBXFileReference; lastKnownFileType = file.storyboard; name = Base; path = Base.lproj/LaunchScreen.storyboard; sourceTree = "<group>"; };
		BD8B4F3620F65D3500811889 /* Info.plist */ = {isa = PBXFileReference; lastKnownFileType = text.plist.xml; path = Info.plist; sourceTree = "<group>"; };
		BD8B4F3B20F65D3500811889 /* Social-AppTests.xctest */ = {isa = PBXFileReference; explicitFileType = wrapper.cfbundle; includeInIndex = 0; path = "Social-AppTests.xctest"; sourceTree = BUILT_PRODUCTS_DIR; };
		BD8B4F3F20F65D3500811889 /* Social_AppTests.swift */ = {isa = PBXFileReference; lastKnownFileType = sourcecode.swift; path = Social_AppTests.swift; sourceTree = "<group>"; };
		BD8B4F4120F65D3500811889 /* Info.plist */ = {isa = PBXFileReference; lastKnownFileType = text.plist.xml; path = Info.plist; sourceTree = "<group>"; };
		BD8B4F4620F65D3600811889 /* Social-AppUITests.xctest */ = {isa = PBXFileReference; explicitFileType = wrapper.cfbundle; includeInIndex = 0; path = "Social-AppUITests.xctest"; sourceTree = BUILT_PRODUCTS_DIR; };
		BD8B4F4A20F65D3600811889 /* Social_AppUITests.swift */ = {isa = PBXFileReference; lastKnownFileType = sourcecode.swift; path = Social_AppUITests.swift; sourceTree = "<group>"; };
		BD8B4F4C20F65D3600811889 /* Info.plist */ = {isa = PBXFileReference; lastKnownFileType = text.plist.xml; path = Info.plist; sourceTree = "<group>"; };
		BD8B4F5920F661F000811889 /* GoogleService-Info.plist */ = {isa = PBXFileReference; fileEncoding = 4; lastKnownFileType = text.plist.xml; path = "GoogleService-Info.plist"; sourceTree = "<group>"; };
		BD9A818E20F79D1C00A30489 /* FancyView.swift */ = {isa = PBXFileReference; lastKnownFileType = sourcecode.swift; path = FancyView.swift; sourceTree = "<group>"; };
		BD9A819020F79D9100A30489 /* Constants.swift */ = {isa = PBXFileReference; lastKnownFileType = sourcecode.swift; path = Constants.swift; sourceTree = "<group>"; };
		BD9A819220F79F2300A30489 /* RoundBtn.swift */ = {isa = PBXFileReference; lastKnownFileType = sourcecode.swift; path = RoundBtn.swift; sourceTree = "<group>"; };
		BD9A819820F7A19F00A30489 /* FancyFeild.swift */ = {isa = PBXFileReference; lastKnownFileType = sourcecode.swift; path = FancyFeild.swift; sourceTree = "<group>"; };
		BD9A819A20F7A38400A30489 /* FancyBtn.swift */ = {isa = PBXFileReference; lastKnownFileType = sourcecode.swift; path = FancyBtn.swift; sourceTree = "<group>"; };
		E858253D553E89ED71D7176E /* Pods-Social-AppTests.release.xcconfig */ = {isa = PBXFileReference; includeInIndex = 1; lastKnownFileType = text.xcconfig; name = "Pods-Social-AppTests.release.xcconfig"; path = "Pods/Target Support Files/Pods-Social-AppTests/Pods-Social-AppTests.release.xcconfig"; sourceTree = "<group>"; };
		F335967112942AE2407BF573 /* Pods-Social-AppUITests.release.xcconfig */ = {isa = PBXFileReference; includeInIndex = 1; lastKnownFileType = text.xcconfig; name = "Pods-Social-AppUITests.release.xcconfig"; path = "Pods/Target Support Files/Pods-Social-AppUITests/Pods-Social-AppUITests.release.xcconfig"; sourceTree = "<group>"; };
/* End PBXFileReference section */

/* Begin PBXFrameworksBuildPhase section */
		BD8B4F2420F65D3500811889 /* Frameworks */ = {
			isa = PBXFrameworksBuildPhase;
			buildActionMask = 2147483647;
			files = (
				A1AE78293886A8CD5BF28441 /* Pods_Social_App.framework in Frameworks */,
			);
			runOnlyForDeploymentPostprocessing = 0;
		};
		BD8B4F3820F65D3500811889 /* Frameworks */ = {
			isa = PBXFrameworksBuildPhase;
			buildActionMask = 2147483647;
			files = (
				12C7BECC3868EC03096423B7 /* Pods_Social_AppTests.framework in Frameworks */,
			);
			runOnlyForDeploymentPostprocessing = 0;
		};
		BD8B4F4320F65D3600811889 /* Frameworks */ = {
			isa = PBXFrameworksBuildPhase;
			buildActionMask = 2147483647;
			files = (
				A975B1742D7F571B32A5C705 /* Pods_Social_AppUITests.framework in Frameworks */,
			);
			runOnlyForDeploymentPostprocessing = 0;
		};
/* End PBXFrameworksBuildPhase section */

/* Begin PBXGroup section */
		8C219A0DAA1E71D15C280AEE /* Pods */ = {
			isa = PBXGroup;
			children = (
				9087A946D7AD5309701C63D0 /* Pods-Social-App.debug.xcconfig */,
				71163BB81175D22AABCD307D /* Pods-Social-App.release.xcconfig */,
				9248648225F42992D7733ABA /* Pods-Social-AppTests.debug.xcconfig */,
				E858253D553E89ED71D7176E /* Pods-Social-AppTests.release.xcconfig */,
				3E938374BE66D89953DD387A /* Pods-Social-AppUITests.debug.xcconfig */,
				F335967112942AE2407BF573 /* Pods-Social-AppUITests.release.xcconfig */,
			);
			name = Pods;
			sourceTree = "<group>";
		};
		93BB94AD751D96DA6EBD261C /* Frameworks */ = {
			isa = PBXGroup;
			children = (
				767BA238EE6F79D1915D7CA9 /* Pods_Social_App.framework */,
				8B30294CE9F92561B2338319 /* Pods_Social_AppTests.framework */,
				5D02D4C031FD9E4866D5B8DE /* Pods_Social_AppUITests.framework */,
			);
			name = Frameworks;
			sourceTree = "<group>";
		};
		BD8B4F1E20F65D3500811889 = {
			isa = PBXGroup;
			children = (
				BD8B4F2920F65D3500811889 /* Social-App */,
				BD8B4F3E20F65D3500811889 /* Social-AppTests */,
				BD8B4F4920F65D3600811889 /* Social-AppUITests */,
				BD8B4F2820F65D3500811889 /* Products */,
				8C219A0DAA1E71D15C280AEE /* Pods */,
				93BB94AD751D96DA6EBD261C /* Frameworks */,
			);
			sourceTree = "<group>";
		};
		BD8B4F2820F65D3500811889 /* Products */ = {
			isa = PBXGroup;
			children = (
				BD8B4F2720F65D3500811889 /* Social-App.app */,
				BD8B4F3B20F65D3500811889 /* Social-AppTests.xctest */,
				BD8B4F4620F65D3600811889 /* Social-AppUITests.xctest */,
			);
			name = Products;
			sourceTree = "<group>";
		};
		BD8B4F2920F65D3500811889 /* Social-App */ = {
			isa = PBXGroup;
			children = (
				BD9A819720F79F4C00A30489 /* View */,
				BD9A819620F79F4400A30489 /* Controller */,
				BD9A819520F79F3E00A30489 /* Model */,
				BD9A819420F79F3500A30489 /* Utilities */,
				BD8B4F2A20F65D3500811889 /* AppDelegate.swift */,
				BD8B4F2E20F65D3500811889 /* Main.storyboard */,
				BD8B4F3120F65D3500811889 /* Assets.xcassets */,
				BD8B4F3320F65D3500811889 /* LaunchScreen.storyboard */,
				BD8B4F3620F65D3500811889 /* Info.plist */,
				BD8B4F5920F661F000811889 /* GoogleService-Info.plist */,
			);
			path = "Social-App";
			sourceTree = "<group>";
		};
		BD8B4F3E20F65D3500811889 /* Social-AppTests */ = {
			isa = PBXGroup;
			children = (
				BD8B4F3F20F65D3500811889 /* Social_AppTests.swift */,
				BD8B4F4120F65D3500811889 /* Info.plist */,
			);
			path = "Social-AppTests";
			sourceTree = "<group>";
		};
		BD8B4F4920F65D3600811889 /* Social-AppUITests */ = {
			isa = PBXGroup;
			children = (
				BD8B4F4A20F65D3600811889 /* Social_AppUITests.swift */,
				BD8B4F4C20F65D3600811889 /* Info.plist */,
			);
			path = "Social-AppUITests";
			sourceTree = "<group>";
		};
		BD9A819420F79F3500A30489 /* Utilities */ = {
			isa = PBXGroup;
			children = (
				BD9A819020F79D9100A30489 /* Constants.swift */,
			);
			path = Utilities;
			sourceTree = "<group>";
		};
		BD9A819520F79F3E00A30489 /* Model */ = {
			isa = PBXGroup;
			children = (
			);
			path = Model;
			sourceTree = "<group>";
		};
		BD9A819620F79F4400A30489 /* Controller */ = {
			isa = PBXGroup;
			children = (
				BD8B4F2C20F65D3500811889 /* SignInVC.swift */,
				BD42CA5C20FE4D4A003DCB54 /* FeedViewController.swift */,
			);
			path = Controller;
			sourceTree = "<group>";
		};
		BD9A819720F79F4C00A30489 /* View */ = {
			isa = PBXGroup;
			children = (
				BD9A818E20F79D1C00A30489 /* FancyView.swift */,
				BD9A819220F79F2300A30489 /* RoundBtn.swift */,
				BD9A819820F7A19F00A30489 /* FancyFeild.swift */,
				BD9A819A20F7A38400A30489 /* FancyBtn.swift */,
			);
			path = View;
			sourceTree = "<group>";
		};
/* End PBXGroup section */

/* Begin PBXNativeTarget section */
		BD8B4F2620F65D3500811889 /* Social-App */ = {
			isa = PBXNativeTarget;
			buildConfigurationList = BD8B4F4F20F65D3600811889 /* Build configuration list for PBXNativeTarget "Social-App" */;
			buildPhases = (
				E54F6571FB0276C1EC7F1486 /* [CP] Check Pods Manifest.lock */,
				BD8B4F2320F65D3500811889 /* Sources */,
				BD8B4F2420F65D3500811889 /* Frameworks */,
				BD8B4F2520F65D3500811889 /* Resources */,
				D492FC8218BAC8C3B6054419 /* [CP] Embed Pods Frameworks */,
			);
			buildRules = (
			);
			dependencies = (
			);
			name = "Social-App";
			productName = "Social-App";
			productReference = BD8B4F2720F65D3500811889 /* Social-App.app */;
			productType = "com.apple.product-type.application";
		};
		BD8B4F3A20F65D3500811889 /* Social-AppTests */ = {
			isa = PBXNativeTarget;
			buildConfigurationList = BD8B4F5220F65D3600811889 /* Build configuration list for PBXNativeTarget "Social-AppTests" */;
			buildPhases = (
				81AB46251F6FB00FCBC41286 /* [CP] Check Pods Manifest.lock */,
				BD8B4F3720F65D3500811889 /* Sources */,
				BD8B4F3820F65D3500811889 /* Frameworks */,
				BD8B4F3920F65D3500811889 /* Resources */,
			);
			buildRules = (
			);
			dependencies = (
				BD8B4F3D20F65D3500811889 /* PBXTargetDependency */,
			);
			name = "Social-AppTests";
			productName = "Social-AppTests";
			productReference = BD8B4F3B20F65D3500811889 /* Social-AppTests.xctest */;
			productType = "com.apple.product-type.bundle.unit-test";
		};
		BD8B4F4520F65D3600811889 /* Social-AppUITests */ = {
			isa = PBXNativeTarget;
			buildConfigurationList = BD8B4F5520F65D3600811889 /* Build configuration list for PBXNativeTarget "Social-AppUITests" */;
			buildPhases = (
				E16E4310B5819F9432F0B054 /* [CP] Check Pods Manifest.lock */,
				BD8B4F4220F65D3600811889 /* Sources */,
				BD8B4F4320F65D3600811889 /* Frameworks */,
				BD8B4F4420F65D3600811889 /* Resources */,
			);
			buildRules = (
			);
			dependencies = (
				BD8B4F4820F65D3600811889 /* PBXTargetDependency */,
			);
			name = "Social-AppUITests";
			productName = "Social-AppUITests";
			productReference = BD8B4F4620F65D3600811889 /* Social-AppUITests.xctest */;
			productType = "com.apple.product-type.bundle.ui-testing";
		};
/* End PBXNativeTarget section */

/* Begin PBXProject section */
		BD8B4F1F20F65D3500811889 /* Project object */ = {
			isa = PBXProject;
			attributes = {
				LastSwiftUpdateCheck = 0920;
				LastUpgradeCheck = 0920;
				ORGANIZATIONNAME = swift;
				TargetAttributes = {
					BD8B4F2620F65D3500811889 = {
						CreatedOnToolsVersion = 9.2;
						ProvisioningStyle = Automatic;
					};
					BD8B4F3A20F65D3500811889 = {
						CreatedOnToolsVersion = 9.2;
						ProvisioningStyle = Automatic;
						TestTargetID = BD8B4F2620F65D3500811889;
					};
					BD8B4F4520F65D3600811889 = {
						CreatedOnToolsVersion = 9.2;
						ProvisioningStyle = Automatic;
						TestTargetID = BD8B4F2620F65D3500811889;
					};
				};
			};
			buildConfigurationList = BD8B4F2220F65D3500811889 /* Build configuration list for PBXProject "Social-App" */;
			compatibilityVersion = "Xcode 8.0";
			developmentRegion = en;
			hasScannedForEncodings = 0;
			knownRegions = (
				en,
				Base,
			);
			mainGroup = BD8B4F1E20F65D3500811889;
			productRefGroup = BD8B4F2820F65D3500811889 /* Products */;
			projectDirPath = "";
			projectRoot = "";
			targets = (
				BD8B4F2620F65D3500811889 /* Social-App */,
				BD8B4F3A20F65D3500811889 /* Social-AppTests */,
				BD8B4F4520F65D3600811889 /* Social-AppUITests */,
			);
		};
/* End PBXProject section */

/* Begin PBXResourcesBuildPhase section */
		BD8B4F2520F65D3500811889 /* Resources */ = {
			isa = PBXResourcesBuildPhase;
			buildActionMask = 2147483647;
			files = (
				BD8B4F3520F65D3500811889 /* LaunchScreen.storyboard in Resources */,
				BD8B4F5A20F661F000811889 /* GoogleService-Info.plist in Resources */,
				BD8B4F3220F65D3500811889 /* Assets.xcassets in Resources */,
				BD8B4F3020F65D3500811889 /* Main.storyboard in Resources */,
			);
			runOnlyForDeploymentPostprocessing = 0;
		};
		BD8B4F3920F65D3500811889 /* Resources */ = {
			isa = PBXResourcesBuildPhase;
			buildActionMask = 2147483647;
			files = (
			);
			runOnlyForDeploymentPostprocessing = 0;
		};
		BD8B4F4420F65D3600811889 /* Resources */ = {
			isa = PBXResourcesBuildPhase;
			buildActionMask = 2147483647;
			files = (
			);
			runOnlyForDeploymentPostprocessing = 0;
		};
/* End PBXResourcesBuildPhase section */

/* Begin PBXShellScriptBuildPhase section */
		81AB46251F6FB00FCBC41286 /* [CP] Check Pods Manifest.lock */ = {
			isa = PBXShellScriptBuildPhase;
			buildActionMask = 2147483647;
			files = (
			);
			inputPaths = (
				"${PODS_PODFILE_DIR_PATH}/Podfile.lock",
				"${PODS_ROOT}/Manifest.lock",
			);
			name = "[CP] Check Pods Manifest.lock";
			outputPaths = (
				"$(DERIVED_FILE_DIR)/Pods-Social-AppTests-checkManifestLockResult.txt",
			);
			runOnlyForDeploymentPostprocessing = 0;
			shellPath = /bin/sh;
			shellScript = "diff \"${PODS_PODFILE_DIR_PATH}/Podfile.lock\" \"${PODS_ROOT}/Manifest.lock\" > /dev/null\nif [ $? != 0 ] ; then\n    # print error to STDERR\n    echo \"error: The sandbox is not in sync with the Podfile.lock. Run 'pod install' or update your CocoaPods installation.\" >&2\n    exit 1\nfi\n# This output is used by Xcode 'outputs' to avoid re-running this script phase.\necho \"SUCCESS\" > \"${SCRIPT_OUTPUT_FILE_0}\"\n";
			showEnvVarsInLog = 0;
		};
		D492FC8218BAC8C3B6054419 /* [CP] Embed Pods Frameworks */ = {
			isa = PBXShellScriptBuildPhase;
			buildActionMask = 2147483647;
			files = (
			);
			inputPaths = (
				"${SRCROOT}/Pods/Target Support Files/Pods-Social-App/Pods-Social-App-frameworks.sh",
				"${BUILT_PRODUCTS_DIR}/Bolts/Bolts.framework",
				"${BUILT_PRODUCTS_DIR}/FBSDKCoreKit/FBSDKCoreKit.framework",
				"${BUILT_PRODUCTS_DIR}/FBSDKLoginKit/FBSDKLoginKit.framework",
				"${BUILT_PRODUCTS_DIR}/GTMSessionFetcher/GTMSessionFetcher.framework",
				"${BUILT_PRODUCTS_DIR}/GoogleToolboxForMac/GoogleToolboxForMac.framework",
				"${BUILT_PRODUCTS_DIR}/SwiftKeychainWrapper/SwiftKeychainWrapper.framework",
				"${BUILT_PRODUCTS_DIR}/leveldb-library/leveldb.framework",
				"${BUILT_PRODUCTS_DIR}/nanopb/nanopb.framework",
			);
			name = "[CP] Embed Pods Frameworks";
			outputPaths = (
				"${TARGET_BUILD_DIR}/${FRAMEWORKS_FOLDER_PATH}/Bolts.framework",
				"${TARGET_BUILD_DIR}/${FRAMEWORKS_FOLDER_PATH}/FBSDKCoreKit.framework",
				"${TARGET_BUILD_DIR}/${FRAMEWORKS_FOLDER_PATH}/FBSDKLoginKit.framework",
				"${TARGET_BUILD_DIR}/${FRAMEWORKS_FOLDER_PATH}/GTMSessionFetcher.framework",
				"${TARGET_BUILD_DIR}/${FRAMEWORKS_FOLDER_PATH}/GoogleToolboxForMac.framework",
				"${TARGET_BUILD_DIR}/${FRAMEWORKS_FOLDER_PATH}/SwiftKeychainWrapper.framework",
				"${TARGET_BUILD_DIR}/${FRAMEWORKS_FOLDER_PATH}/leveldb.framework",
				"${TARGET_BUILD_DIR}/${FRAMEWORKS_FOLDER_PATH}/nanopb.framework",
			);
			runOnlyForDeploymentPostprocessing = 0;
			shellPath = /bin/sh;
			shellScript = "\"${SRCROOT}/Pods/Target Support Files/Pods-Social-App/Pods-Social-App-frameworks.sh\"\n";
			showEnvVarsInLog = 0;
		};
		E16E4310B5819F9432F0B054 /* [CP] Check Pods Manifest.lock */ = {
			isa = PBXShellScriptBuildPhase;
			buildActionMask = 2147483647;
			files = (
			);
			inputPaths = (
				"${PODS_PODFILE_DIR_PATH}/Podfile.lock",
				"${PODS_ROOT}/Manifest.lock",
			);
			name = "[CP] Check Pods Manifest.lock";
			outputPaths = (
				"$(DERIVED_FILE_DIR)/Pods-Social-AppUITests-checkManifestLockResult.txt",
			);
			runOnlyForDeploymentPostprocessing = 0;
			shellPath = /bin/sh;
			shellScript = "diff \"${PODS_PODFILE_DIR_PATH}/Podfile.lock\" \"${PODS_ROOT}/Manifest.lock\" > /dev/null\nif [ $? != 0 ] ; then\n    # print error to STDERR\n    echo \"error: The sandbox is not in sync with the Podfile.lock. Run 'pod install' or update your CocoaPods installation.\" >&2\n    exit 1\nfi\n# This output is used by Xcode 'outputs' to avoid re-running this script phase.\necho \"SUCCESS\" > \"${SCRIPT_OUTPUT_FILE_0}\"\n";
			showEnvVarsInLog = 0;
		};
		E54F6571FB0276C1EC7F1486 /* [CP] Check Pods Manifest.lock */ = {
			isa = PBXShellScriptBuildPhase;
			buildActionMask = 2147483647;
			files = (
			);
			inputPaths = (
				"${PODS_PODFILE_DIR_PATH}/Podfile.lock",
				"${PODS_ROOT}/Manifest.lock",
			);
			name = "[CP] Check Pods Manifest.lock";
			outputPaths = (
				"$(DERIVED_FILE_DIR)/Pods-Social-App-checkManifestLockResult.txt",
			);
			runOnlyForDeploymentPostprocessing = 0;
			shellPath = /bin/sh;
			shellScript = "diff \"${PODS_PODFILE_DIR_PATH}/Podfile.lock\" \"${PODS_ROOT}/Manifest.lock\" > /dev/null\nif [ $? != 0 ] ; then\n    # print error to STDERR\n    echo \"error: The sandbox is not in sync with the Podfile.lock. Run 'pod install' or update your CocoaPods installation.\" >&2\n    exit 1\nfi\n# This output is used by Xcode 'outputs' to avoid re-running this script phase.\necho \"SUCCESS\" > \"${SCRIPT_OUTPUT_FILE_0}\"\n";
			showEnvVarsInLog = 0;
		};
/* End PBXShellScriptBuildPhase section */

/* Begin PBXSourcesBuildPhase section */
		BD8B4F2320F65D3500811889 /* Sources */ = {
			isa = PBXSourcesBuildPhase;
			buildActionMask = 2147483647;
			files = (
				BD8B4F2D20F65D3500811889 /* SignInVC.swift in Sources */,
				BD9A819320F79F2300A30489 /* RoundBtn.swift in Sources */,
				BD9A819920F7A19F00A30489 /* FancyFeild.swift in Sources */,
				BD8B4F2B20F65D3500811889 /* AppDelegate.swift in Sources */,
				BD9A818F20F79D1C00A30489 /* FancyView.swift in Sources */,
				BD9A819120F79D9100A30489 /* Constants.swift in Sources */,
				BD42CA5D20FE4D4A003DCB54 /* FeedViewController.swift in Sources */,
				BD9A819B20F7A38400A30489 /* FancyBtn.swift in Sources */,
			);
			runOnlyForDeploymentPostprocessing = 0;
		};
		BD8B4F3720F65D3500811889 /* Sources */ = {
			isa = PBXSourcesBuildPhase;
			buildActionMask = 2147483647;
			files = (
				BD8B4F4020F65D3500811889 /* Social_AppTests.swift in Sources */,
			);
			runOnlyForDeploymentPostprocessing = 0;
		};
		BD8B4F4220F65D3600811889 /* Sources */ = {
			isa = PBXSourcesBuildPhase;
			buildActionMask = 2147483647;
			files = (
				BD8B4F4B20F65D3600811889 /* Social_AppUITests.swift in Sources */,
			);
			runOnlyForDeploymentPostprocessing = 0;
		};
/* End PBXSourcesBuildPhase section */

/* Begin PBXTargetDependency section */
		BD8B4F3D20F65D3500811889 /* PBXTargetDependency */ = {
			isa = PBXTargetDependency;
			target = BD8B4F2620F65D3500811889 /* Social-App */;
			targetProxy = BD8B4F3C20F65D3500811889 /* PBXContainerItemProxy */;
		};
		BD8B4F4820F65D3600811889 /* PBXTargetDependency */ = {
			isa = PBXTargetDependency;
			target = BD8B4F2620F65D3500811889 /* Social-App */;
			targetProxy = BD8B4F4720F65D3600811889 /* PBXContainerItemProxy */;
		};
/* End PBXTargetDependency section */

/* Begin PBXVariantGroup section */
		BD8B4F2E20F65D3500811889 /* Main.storyboard */ = {
			isa = PBXVariantGroup;
			children = (
				BD8B4F2F20F65D3500811889 /* Base */,
			);
			name = Main.storyboard;
			sourceTree = "<group>";
		};
		BD8B4F3320F65D3500811889 /* LaunchScreen.storyboard */ = {
			isa = PBXVariantGroup;
			children = (
				BD8B4F3420F65D3500811889 /* Base */,
			);
			name = LaunchScreen.storyboard;
			sourceTree = "<group>";
		};
/* End PBXVariantGroup section */

/* Begin XCBuildConfiguration section */
		BD8B4F4D20F65D3600811889 /* Debug */ = {
			isa = XCBuildConfiguration;
			buildSettings = {
				ALWAYS_SEARCH_USER_PATHS = NO;
				CLANG_ANALYZER_NONNULL = YES;
				CLANG_ANALYZER_NUMBER_OBJECT_CONVERSION = YES_AGGRESSIVE;
				CLANG_CXX_LANGUAGE_STANDARD = "gnu++14";
				CLANG_CXX_LIBRARY = "libc++";
				CLANG_ENABLE_MODULES = YES;
				CLANG_ENABLE_OBJC_ARC = YES;
				CLANG_WARN_BLOCK_CAPTURE_AUTORELEASING = YES;
				CLANG_WARN_BOOL_CONVERSION = YES;
				CLANG_WARN_COMMA = YES;
				CLANG_WARN_CONSTANT_CONVERSION = YES;
				CLANG_WARN_DIRECT_OBJC_ISA_USAGE = YES_ERROR;
				CLANG_WARN_DOCUMENTATION_COMMENTS = YES;
				CLANG_WARN_EMPTY_BODY = YES;
				CLANG_WARN_ENUM_CONVERSION = YES;
				CLANG_WARN_INFINITE_RECURSION = YES;
				CLANG_WARN_INT_CONVERSION = YES;
				CLANG_WARN_NON_LITERAL_NULL_CONVERSION = YES;
				CLANG_WARN_OBJC_LITERAL_CONVERSION = YES;
				CLANG_WARN_OBJC_ROOT_CLASS = YES_ERROR;
				CLANG_WARN_RANGE_LOOP_ANALYSIS = YES;
				CLANG_WARN_STRICT_PROTOTYPES = YES;
				CLANG_WARN_SUSPICIOUS_MOVE = YES;
				CLANG_WARN_UNGUARDED_AVAILABILITY = YES_AGGRESSIVE;
				CLANG_WARN_UNREACHABLE_CODE = YES;
				CLANG_WARN__DUPLICATE_METHOD_MATCH = YES;
				CODE_SIGN_IDENTITY = "iPhone Developer";
				COPY_PHASE_STRIP = NO;
				DEBUG_INFORMATION_FORMAT = dwarf;
				ENABLE_STRICT_OBJC_MSGSEND = YES;
				ENABLE_TESTABILITY = YES;
				GCC_C_LANGUAGE_STANDARD = gnu11;
				GCC_DYNAMIC_NO_PIC = NO;
				GCC_NO_COMMON_BLOCKS = YES;
				GCC_OPTIMIZATION_LEVEL = 0;
				GCC_PREPROCESSOR_DEFINITIONS = (
					"DEBUG=1",
					"$(inherited)",
				);
				GCC_WARN_64_TO_32_BIT_CONVERSION = YES;
				GCC_WARN_ABOUT_RETURN_TYPE = YES_ERROR;
				GCC_WARN_UNDECLARED_SELECTOR = YES;
				GCC_WARN_UNINITIALIZED_AUTOS = YES_AGGRESSIVE;
				GCC_WARN_UNUSED_FUNCTION = YES;
				GCC_WARN_UNUSED_VARIABLE = YES;
				IPHONEOS_DEPLOYMENT_TARGET = 11.2;
				MTL_ENABLE_DEBUG_INFO = YES;
				ONLY_ACTIVE_ARCH = YES;
				SDKROOT = iphoneos;
				SWIFT_ACTIVE_COMPILATION_CONDITIONS = DEBUG;
				SWIFT_OPTIMIZATION_LEVEL = "-Onone";
			};
			name = Debug;
		};
		BD8B4F4E20F65D3600811889 /* Release */ = {
			isa = XCBuildConfiguration;
			buildSettings = {
				ALWAYS_SEARCH_USER_PATHS = NO;
				CLANG_ANALYZER_NONNULL = YES;
				CLANG_ANALYZER_NUMBER_OBJECT_CONVERSION = YES_AGGRESSIVE;
				CLANG_CXX_LANGUAGE_STANDARD = "gnu++14";
				CLANG_CXX_LIBRARY = "libc++";
				CLANG_ENABLE_MODULES = YES;
				CLANG_ENABLE_OBJC_ARC = YES;
				CLANG_WARN_BLOCK_CAPTURE_AUTORELEASING = YES;
				CLANG_WARN_BOOL_CONVERSION = YES;
				CLANG_WARN_COMMA = YES;
				CLANG_WARN_CONSTANT_CONVERSION = YES;
				CLANG_WARN_DIRECT_OBJC_ISA_USAGE = YES_ERROR;
				CLANG_WARN_DOCUMENTATION_COMMENTS = YES;
				CLANG_WARN_EMPTY_BODY = YES;
				CLANG_WARN_ENUM_CONVERSION = YES;
				CLANG_WARN_INFINITE_RECURSION = YES;
				CLANG_WARN_INT_CONVERSION = YES;
				CLANG_WARN_NON_LITERAL_NULL_CONVERSION = YES;
				CLANG_WARN_OBJC_LITERAL_CONVERSION = YES;
				CLANG_WARN_OBJC_ROOT_CLASS = YES_ERROR;
				CLANG_WARN_RANGE_LOOP_ANALYSIS = YES;
				CLANG_WARN_STRICT_PROTOTYPES = YES;
				CLANG_WARN_SUSPICIOUS_MOVE = YES;
				CLANG_WARN_UNGUARDED_AVAILABILITY = YES_AGGRESSIVE;
				CLANG_WARN_UNREACHABLE_CODE = YES;
				CLANG_WARN__DUPLICATE_METHOD_MATCH = YES;
				CODE_SIGN_IDENTITY = "iPhone Developer";
				COPY_PHASE_STRIP = NO;
				DEBUG_INFORMATION_FORMAT = "dwarf-with-dsym";
				ENABLE_NS_ASSERTIONS = NO;
				ENABLE_STRICT_OBJC_MSGSEND = YES;
				GCC_C_LANGUAGE_STANDARD = gnu11;
				GCC_NO_COMMON_BLOCKS = YES;
				GCC_WARN_64_TO_32_BIT_CONVERSION = YES;
				GCC_WARN_ABOUT_RETURN_TYPE = YES_ERROR;
				GCC_WARN_UNDECLARED_SELECTOR = YES;
				GCC_WARN_UNINITIALIZED_AUTOS = YES_AGGRESSIVE;
				GCC_WARN_UNUSED_FUNCTION = YES;
				GCC_WARN_UNUSED_VARIABLE = YES;
				IPHONEOS_DEPLOYMENT_TARGET = 11.2;
				MTL_ENABLE_DEBUG_INFO = NO;
				SDKROOT = iphoneos;
				SWIFT_OPTIMIZATION_LEVEL = "-Owholemodule";
				VALIDATE_PRODUCT = YES;
			};
			name = Release;
		};
		BD8B4F5020F65D3600811889 /* Debug */ = {
			isa = XCBuildConfiguration;
			baseConfigurationReference = 9087A946D7AD5309701C63D0 /* Pods-Social-App.debug.xcconfig */;
			buildSettings = {
				ASSETCATALOG_COMPILER_APPICON_NAME = AppIcon;
				CODE_SIGN_STYLE = Automatic;
				INFOPLIST_FILE = "Social-App/Info.plist";
				LD_RUNPATH_SEARCH_PATHS = "$(inherited) @executable_path/Frameworks";
				PRODUCT_BUNDLE_IDENTIFIER = "com.swift.Social-App";
				PRODUCT_NAME = "$(TARGET_NAME)";
				SWIFT_VERSION = 4.0;
				TARGETED_DEVICE_FAMILY = "1,2";
			};
			name = Debug;
		};
		BD8B4F5120F65D3600811889 /* Release */ = {
			isa = XCBuildConfiguration;
			baseConfigurationReference = 71163BB81175D22AABCD307D /* Pods-Social-App.release.xcconfig */;
			buildSettings = {
				ASSETCATALOG_COMPILER_APPICON_NAME = AppIcon;
				CODE_SIGN_STYLE = Automatic;
				INFOPLIST_FILE = "Social-App/Info.plist";
				LD_RUNPATH_SEARCH_PATHS = "$(inherited) @executable_path/Frameworks";
				PRODUCT_BUNDLE_IDENTIFIER = "com.swift.Social-App";
				PRODUCT_NAME = "$(TARGET_NAME)";
				SWIFT_VERSION = 4.0;
				TARGETED_DEVICE_FAMILY = "1,2";
			};
			name = Release;
		};
		BD8B4F5320F65D3600811889 /* Debug */ = {
			isa = XCBuildConfiguration;
			baseConfigurationReference = 9248648225F42992D7733ABA /* Pods-Social-AppTests.debug.xcconfig */;
			buildSettings = {
				ALWAYS_EMBED_SWIFT_STANDARD_LIBRARIES = YES;
				BUNDLE_LOADER = "$(TEST_HOST)";
				CODE_SIGN_STYLE = Automatic;
				INFOPLIST_FILE = "Social-AppTests/Info.plist";
				LD_RUNPATH_SEARCH_PATHS = "$(inherited) @executable_path/Frameworks @loader_path/Frameworks";
				PRODUCT_BUNDLE_IDENTIFIER = "com.swift.Social-AppTests";
				PRODUCT_NAME = "$(TARGET_NAME)";
				SWIFT_VERSION = 4.0;
				TARGETED_DEVICE_FAMILY = "1,2";
				TEST_HOST = "$(BUILT_PRODUCTS_DIR)/Social-App.app/Social-App";
			};
			name = Debug;
		};
		BD8B4F5420F65D3600811889 /* Release */ = {
			isa = XCBuildConfiguration;
			baseConfigurationReference = E858253D553E89ED71D7176E /* Pods-Social-AppTests.release.xcconfig */;
			buildSettings = {
				ALWAYS_EMBED_SWIFT_STANDARD_LIBRARIES = YES;
				BUNDLE_LOADER = "$(TEST_HOST)";
				CODE_SIGN_STYLE = Automatic;
				INFOPLIST_FILE = "Social-AppTests/Info.plist";
				LD_RUNPATH_SEARCH_PATHS = "$(inherited) @executable_path/Frameworks @loader_path/Frameworks";
				PRODUCT_BUNDLE_IDENTIFIER = "com.swift.Social-AppTests";
				PRODUCT_NAME = "$(TARGET_NAME)";
				SWIFT_VERSION = 4.0;
				TARGETED_DEVICE_FAMILY = "1,2";
				TEST_HOST = "$(BUILT_PRODUCTS_DIR)/Social-App.app/Social-App";
			};
			name = Release;
		};
		BD8B4F5620F65D3600811889 /* Debug */ = {
			isa = XCBuildConfiguration;
			baseConfigurationReference = 3E938374BE66D89953DD387A /* Pods-Social-AppUITests.debug.xcconfig */;
			buildSettings = {
				ALWAYS_EMBED_SWIFT_STANDARD_LIBRARIES = YES;
				CODE_SIGN_STYLE = Automatic;
				INFOPLIST_FILE = "Social-AppUITests/Info.plist";
				LD_RUNPATH_SEARCH_PATHS = "$(inherited) @executable_path/Frameworks @loader_path/Frameworks";
				PRODUCT_BUNDLE_IDENTIFIER = "com.swift.Social-AppUITests";
				PRODUCT_NAME = "$(TARGET_NAME)";
				SWIFT_VERSION = 4.0;
				TARGETED_DEVICE_FAMILY = "1,2";
				TEST_TARGET_NAME = "Social-App";
			};
			name = Debug;
		};
		BD8B4F5720F65D3600811889 /* Release */ = {
			isa = XCBuildConfiguration;
			baseConfigurationReference = F335967112942AE2407BF573 /* Pods-Social-AppUITests.release.xcconfig */;
			buildSettings = {
				ALWAYS_EMBED_SWIFT_STANDARD_LIBRARIES = YES;
				CODE_SIGN_STYLE = Automatic;
				INFOPLIST_FILE = "Social-AppUITests/Info.plist";
				LD_RUNPATH_SEARCH_PATHS = "$(inherited) @executable_path/Frameworks @loader_path/Frameworks";
				PRODUCT_BUNDLE_IDENTIFIER = "com.swift.Social-AppUITests";
				PRODUCT_NAME = "$(TARGET_NAME)";
				SWIFT_VERSION = 4.0;
				TARGETED_DEVICE_FAMILY = "1,2";
				TEST_TARGET_NAME = "Social-App";
			};
			name = Release;
		};
/* End XCBuildConfiguration section */

/* Begin XCConfigurationList section */
		BD8B4F2220F65D3500811889 /* Build configuration list for PBXProject "Social-App" */ = {
			isa = XCConfigurationList;
			buildConfigurations = (
				BD8B4F4D20F65D3600811889 /* Debug */,
				BD8B4F4E20F65D3600811889 /* Release */,
			);
			defaultConfigurationIsVisible = 0;
			defaultConfigurationName = Release;
		};
		BD8B4F4F20F65D3600811889 /* Build configuration list for PBXNativeTarget "Social-App" */ = {
			isa = XCConfigurationList;
			buildConfigurations = (
				BD8B4F5020F65D3600811889 /* Debug */,
				BD8B4F5120F65D3600811889 /* Release */,
			);
			defaultConfigurationIsVisible = 0;
			defaultConfigurationName = Release;
		};
		BD8B4F5220F65D3600811889 /* Build configuration list for PBXNativeTarget "Social-AppTests" */ = {
			isa = XCConfigurationList;
			buildConfigurations = (
				BD8B4F5320F65D3600811889 /* Debug */,
				BD8B4F5420F65D3600811889 /* Release */,
			);
			defaultConfigurationIsVisible = 0;
			defaultConfigurationName = Release;
		};
		BD8B4F5520F65D3600811889 /* Build configuration list for PBXNativeTarget "Social-AppUITests" */ = {
			isa = XCConfigurationList;
			buildConfigurations = (
				BD8B4F5620F65D3600811889 /* Debug */,
				BD8B4F5720F65D3600811889 /* Release */,
			);
			defaultConfigurationIsVisible = 0;
			defaultConfigurationName = Release;
		};
/* End XCConfigurationList section */
	};
	rootObject = BD8B4F1F20F65D3500811889 /* Project object */;
}
